
Microsoft Visual Studio Solution File, Format Version 11.00
# Visual Studio 2010
Project("{FAE04EC0-301F-11D3-BF4B-00C04F79EFBC}") = "osu!s-desktop", "osum\osu!s-desktop.csproj", "{2698AF2E-F64B-4D61-99F3-52EF2D215F2F}"
EndProject
Project("{FAE04EC0-301F-11D3-BF4B-00C04F79EFBC}") = "BeatmapCombinator", "BeatmapCombinator\BeatmapCombinator.csproj", "{EE17F8FB-6F6F-41CC-B384-7CC9FF1B1CCF}"
EndProject
Project("{FAE04EC0-301F-11D3-BF4B-00C04F79EFBC}") = "sspack", "sspack\sspack.csproj", "{1AC0A15F-98D2-477D-A620-A8F7B79935F4}"
EndProject
Project("{FAE04EC0-301F-11D3-BF4B-00C04F79EFBC}") = "LocalisationUpdater", "LocalisationUpdater\LocalisationUpdater.csproj", "{C6404F0D-4669-4D8D-ABD5-22107C83D7D4}"
EndProject
Global
	GlobalSection(SolutionConfigurationPlatforms) = preSolution
		Debug|Any CPU = Debug|Any CPU
		Debug|Mixed Platforms = Debug|Mixed Platforms
		Debug|x86 = Debug|x86
		Release|Any CPU = Release|Any CPU
		Release|Mixed Platforms = Release|Mixed Platforms
		Release|x86 = Release|x86
		ReleaseLocal|Any CPU = ReleaseLocal|Any CPU
		ReleaseLocal|Mixed Platforms = ReleaseLocal|Mixed Platforms
		ReleaseLocal|x86 = ReleaseLocal|x86
		ReleaseNoEncryption|Any CPU = ReleaseNoEncryption|Any CPU
		ReleaseNoEncryption|Mixed Platforms = ReleaseNoEncryption|Mixed Platforms
		ReleaseNoEncryption|x86 = ReleaseNoEncryption|x86
	EndGlobalSection
	GlobalSection(ProjectConfigurationPlatforms) = postSolution
		{2698AF2E-F64B-4D61-99F3-52EF2D215F2F}.Debug|Any CPU.ActiveCfg = Debug|x86
		{2698AF2E-F64B-4D61-99F3-52EF2D215F2F}.Debug|Mixed Platforms.ActiveCfg = Debug|x86
		{2698AF2E-F64B-4D61-99F3-52EF2D215F2F}.Debug|Mixed Platforms.Build.0 = Debug|x86
		{2698AF2E-F64B-4D61-99F3-52EF2D215F2F}.Debug|x86.ActiveCfg = Debug|x86
		{2698AF2E-F64B-4D61-99F3-52EF2D215F2F}.Debug|x86.Build.0 = Debug|x86
		{2698AF2E-F64B-4D61-99F3-52EF2D215F2F}.Release|Any CPU.ActiveCfg = Release|x86
		{2698AF2E-F64B-4D61-99F3-52EF2D215F2F}.Release|Mixed Platforms.ActiveCfg = Release|x86
		{2698AF2E-F64B-4D61-99F3-52EF2D215F2F}.Release|Mixed Platforms.Build.0 = Release|x86
		{2698AF2E-F64B-4D61-99F3-52EF2D215F2F}.Release|x86.ActiveCfg = Release|x86
		{2698AF2E-F64B-4D61-99F3-52EF2D215F2F}.Release|x86.Build.0 = Release|x86
		{2698AF2E-F64B-4D61-99F3-52EF2D215F2F}.ReleaseLocal|Any CPU.ActiveCfg = Release|x86
		{2698AF2E-F64B-4D61-99F3-52EF2D215F2F}.ReleaseLocal|Mixed Platforms.ActiveCfg = Release|x86
		{2698AF2E-F64B-4D61-99F3-52EF2D215F2F}.ReleaseLocal|Mixed Platforms.Build.0 = Release|x86
		{2698AF2E-F64B-4D61-99F3-52EF2D215F2F}.ReleaseLocal|x86.ActiveCfg = Release|x86
		{2698AF2E-F64B-4D61-99F3-52EF2D215F2F}.ReleaseLocal|x86.Build.0 = Release|x86
		{2698AF2E-F64B-4D61-99F3-52EF2D215F2F}.ReleaseNoEncryption|Any CPU.ActiveCfg = Release|x86
		{2698AF2E-F64B-4D61-99F3-52EF2D215F2F}.ReleaseNoEncryption|Mixed Platforms.ActiveCfg = ReleaseNoEncryption|x86
		{2698AF2E-F64B-4D61-99F3-52EF2D215F2F}.ReleaseNoEncryption|Mixed Platforms.Build.0 = ReleaseNoEncryption|x86
		{2698AF2E-F64B-4D61-99F3-52EF2D215F2F}.ReleaseNoEncryption|x86.ActiveCfg = Release|x86
		{2698AF2E-F64B-4D61-99F3-52EF2D215F2F}.ReleaseNoEncryption|x86.Build.0 = Release|x86
		{EE17F8FB-6F6F-41CC-B384-7CC9FF1B1CCF}.Debug|Any CPU.ActiveCfg = Debug|x86
		{EE17F8FB-6F6F-41CC-B384-7CC9FF1B1CCF}.Debug|Mixed Platforms.ActiveCfg = Debug|x86
		{EE17F8FB-6F6F-41CC-B384-7CC9FF1B1CCF}.Debug|Mixed Platforms.Build.0 = Debug|x86
		{EE17F8FB-6F6F-41CC-B384-7CC9FF1B1CCF}.Debug|x86.ActiveCfg = Debug|x86
		{EE17F8FB-6F6F-41CC-B384-7CC9FF1B1CCF}.Debug|x86.Build.0 = Debug|x86
		{EE17F8FB-6F6F-41CC-B384-7CC9FF1B1CCF}.Release|Any CPU.ActiveCfg = Release|x86
		{EE17F8FB-6F6F-41CC-B384-7CC9FF1B1CCF}.Release|Mixed Platforms.ActiveCfg = Release|x86
		{EE17F8FB-6F6F-41CC-B384-7CC9FF1B1CCF}.Release|Mixed Platforms.Build.0 = Release|x86
		{EE17F8FB-6F6F-41CC-B384-7CC9FF1B1CCF}.Release|x86.ActiveCfg = Release|x86
		{EE17F8FB-6F6F-41CC-B384-7CC9FF1B1CCF}.Release|x86.Build.0 = Release|x86
		{EE17F8FB-6F6F-41CC-B384-7CC9FF1B1CCF}.ReleaseLocal|Any CPU.ActiveCfg = Release|x86
		{EE17F8FB-6F6F-41CC-B384-7CC9FF1B1CCF}.ReleaseLocal|Mixed Platforms.ActiveCfg = ReleasePreview|x86
		{EE17F8FB-6F6F-41CC-B384-7CC9FF1B1CCF}.ReleaseLocal|Mixed Platforms.Build.0 = ReleasePreview|x86
		{EE17F8FB-6F6F-41CC-B384-7CC9FF1B1CCF}.ReleaseLocal|x86.ActiveCfg = Release|x86
		{EE17F8FB-6F6F-41CC-B384-7CC9FF1B1CCF}.ReleaseLocal|x86.Build.0 = Release|x86
		{EE17F8FB-6F6F-41CC-B384-7CC9FF1B1CCF}.ReleaseNoEncryption|Any CPU.ActiveCfg = ReleaseNoEncryption|x86
		{EE17F8FB-6F6F-41CC-B384-7CC9FF1B1CCF}.ReleaseNoEncryption|Mixed Platforms.ActiveCfg = ReleaseNoEncryption|x86
		{EE17F8FB-6F6F-41CC-B384-7CC9FF1B1CCF}.ReleaseNoEncryption|Mixed Platforms.Build.0 = ReleaseNoEncryption|x86
		{EE17F8FB-6F6F-41CC-B384-7CC9FF1B1CCF}.ReleaseNoEncryption|x86.ActiveCfg = ReleaseNoEncryption|x86
		{EE17F8FB-6F6F-41CC-B384-7CC9FF1B1CCF}.ReleaseNoEncryption|x86.Build.0 = ReleaseNoEncryption|x86
		{1AC0A15F-98D2-477D-A620-A8F7B79935F4}.Debug|Any CPU.ActiveCfg = Debug|Any CPU
		{1AC0A15F-98D2-477D-A620-A8F7B79935F4}.Debug|Any CPU.Build.0 = Debug|Any CPU
		{1AC0A15F-98D2-477D-A620-A8F7B79935F4}.Debug|Mixed Platforms.ActiveCfg = Debug|Any CPU
		{1AC0A15F-98D2-477D-A620-A8F7B79935F4}.Debug|Mixed Platforms.Build.0 = Debug|Any CPU
		{1AC0A15F-98D2-477D-A620-A8F7B79935F4}.Debug|x86.ActiveCfg = Debug|Any CPU
		{1AC0A15F-98D2-477D-A620-A8F7B79935F4}.Release|Any CPU.ActiveCfg = Release|Any CPU
		{1AC0A15F-98D2-477D-A620-A8F7B79935F4}.Release|Any CPU.Build.0 = Release|Any CPU
		{1AC0A15F-98D2-477D-A620-A8F7B79935F4}.Release|Mixed Platforms.ActiveCfg = Release|Any CPU
		{1AC0A15F-98D2-477D-A620-A8F7B79935F4}.Release|Mixed Platforms.Build.0 = Release|Any CPU
		{1AC0A15F-98D2-477D-A620-A8F7B79935F4}.Release|x86.ActiveCfg = Release|Any CPU
		{1AC0A15F-98D2-477D-A620-A8F7B79935F4}.ReleaseLocal|Any CPU.ActiveCfg = Release|Any CPU
		{1AC0A15F-98D2-477D-A620-A8F7B79935F4}.ReleaseLocal|Any CPU.Build.0 = Release|Any CPU
		{1AC0A15F-98D2-477D-A620-A8F7B79935F4}.ReleaseLocal|Mixed Platforms.ActiveCfg = Release|Any CPU
		{1AC0A15F-98D2-477D-A620-A8F7B79935F4}.ReleaseLocal|Mixed Platforms.Build.0 = Release|Any CPU
		{1AC0A15F-98D2-477D-A620-A8F7B79935F4}.ReleaseLocal|x86.ActiveCfg = Release|Any CPU
		{1AC0A15F-98D2-477D-A620-A8F7B79935F4}.ReleaseNoEncryption|Any CPU.ActiveCfg = Release|Any CPU
		{1AC0A15F-98D2-477D-A620-A8F7B79935F4}.ReleaseNoEncryption|Mixed Platforms.ActiveCfg = Release|Any CPU
		{1AC0A15F-98D2-477D-A620-A8F7B79935F4}.ReleaseNoEncryption|x86.ActiveCfg = Release|Any CPU
		{C6404F0D-4669-4D8D-ABD5-22107C83D7D4}.Debug|Any CPU.ActiveCfg = Debug|x86
		{C6404F0D-4669-4D8D-ABD5-22107C83D7D4}.Debug|Mixed Platforms.ActiveCfg = Debug|x86
		{C6404F0D-4669-4D8D-ABD5-22107C83D7D4}.Debug|Mixed Platforms.Build.0 = Debug|x86
		{C6404F0D-4669-4D8D-ABD5-22107C83D7D4}.Debug|x86.ActiveCfg = Debug|x86
		{C6404F0D-4669-4D8D-ABD5-22107C83D7D4}.Debug|x86.Build.0 = Debug|x86
		{C6404F0D-4669-4D8D-ABD5-22107C83D7D4}.Release|Any CPU.ActiveCfg = Release|x86
		{C6404F0D-4669-4D8D-ABD5-22107C83D7D4}.Release|Mixed Platforms.ActiveCfg = Release|x86
		{C6404F0D-4669-4D8D-ABD5-22107C83D7D4}.Release|Mixed Platforms.Build.0 = Release|x86
		{C6404F0D-4669-4D8D-ABD5-22107C83D7D4}.Release|x86.ActiveCfg = Release|x86
		{C6404F0D-4669-4D8D-ABD5-22107C83D7D4}.Release|x86.Build.0 = Release|x86
		{C6404F0D-4669-4D8D-ABD5-22107C83D7D4}.ReleaseLocal|Any CPU.ActiveCfg = Release|x86
		{C6404F0D-4669-4D8D-ABD5-22107C83D7D4}.ReleaseLocal|Mixed Platforms.ActiveCfg = Release|x86
		{C6404F0D-4669-4D8D-ABD5-22107C83D7D4}.ReleaseLocal|Mixed Platforms.Build.0 = Release|x86
		{C6404F0D-4669-4D8D-ABD5-22107C83D7D4}.ReleaseLocal|x86.ActiveCfg = Release|x86
		{C6404F0D-4669-4D8D-ABD5-22107C83D7D4}.ReleaseLocal|x86.Build.0 = Release|x86
		{C6404F0D-4669-4D8D-ABD5-22107C83D7D4}.ReleaseNoEncryption|Any CPU.ActiveCfg = Release|x86
		{C6404F0D-4669-4D8D-ABD5-22107C83D7D4}.ReleaseNoEncryption|Mixed Platforms.ActiveCfg = Release|x86
		{C6404F0D-4669-4D8D-ABD5-22107C83D7D4}.ReleaseNoEncryption|Mixed Platforms.Build.0 = Release|x86
		{C6404F0D-4669-4D8D-ABD5-22107C83D7D4}.ReleaseNoEncryption|x86.ActiveCfg = Release|x86
		{C6404F0D-4669-4D8D-ABD5-22107C83D7D4}.ReleaseNoEncryption|x86.Build.0 = Release|x86
	EndGlobalSection
	GlobalSection(SolutionProperties) = preSolution
		HideSolutionNode = FALSE
	EndGlobalSection
	GlobalSection(MonoDevelopProperties) = preSolution
		StartupItem = osum\osum.csproj
	EndGlobalSection
EndGlobal
