
Microsoft Visual Studio Solution File, Format Version 12.00
# Visual Studio Version 16
VisualStudioVersion = 16.0.30804.86
MinimumVisualStudioVersion = 10.0.40219.1
Project("{FAE04EC0-301F-11D3-BF4B-00C04F79EFBC}") = "osu!stream_android", "osu!stream\osu!stream_android.csproj", "{1B107DE4-8499-4868-B091-F2B02A7A3F8D}"
EndProject
Global
	GlobalSection(SolutionConfigurationPlatforms) = preSolution
		Debug|Any CPU = Debug|Any CPU
		Release|Any CPU = Release|Any CPU
	EndGlobalSection
	GlobalSection(ProjectConfigurationPlatforms) = postSolution
		{1B107DE4-8499-4868-B091-F2B02A7A3F8D}.Debug|Any CPU.ActiveCfg = Debug|Any CPU
		{1B107DE4-8499-4868-B091-F2B02A7A3F8D}.Debug|Any CPU.Build.0 = Debug|Any CPU
		{1B107DE4-8499-4868-B091-F2B02A7A3F8D}.Debug|Any CPU.Deploy.0 = Debug|Any CPU
		{1B107DE4-8499-4868-B091-F2B02A7A3F8D}.Release|Any CPU.ActiveCfg = Release|Any CPU
		{1B107DE4-8499-4868-B091-F2B02A7A3F8D}.Release|Any CPU.Build.0 = Release|Any CPU
		{1B107DE4-8499-4868-B091-F2B02A7A3F8D}.Release|Any CPU.Deploy.0 = Release|Any CPU
	EndGlobalSection
	GlobalSection(SolutionProperties) = preSolution
		HideSolutionNode = FALSE
	EndGlobalSection
	GlobalSection(ExtensibilityGlobals) = postSolution
		SolutionGuid = {56BF701E-8289-4BAE-9DE5-31A3843E993A}
	EndGlobalSection
EndGlobal
