
Microsoft Visual Studio Solution File, Format Version 11.00
# Visual Studio 2010
Project("{FAE04EC0-301F-11D3-BF4B-00C04F79EFBC}") = "osum", "osum\osum.csproj", "{7AA1DB5D-78DB-4693-AE50-D6078F5A0CAB}"
EndProject
Global
	GlobalSection(SolutionConfigurationPlatforms) = preSolution
		Debug|x86 = Debug|x86
		Release|x86 = Release|x86
		Debug|iPhone = Debug|iPhone
		Release|iPhone = Release|iPhone
		Testflight|iPhone = Testflight|iPhone
	EndGlobalSection
	GlobalSection(ProjectConfigurationPlatforms) = postSolution
		{7AA1DB5D-78DB-4693-AE50-D6078F5A0CAB}.Debug|iPhone.ActiveCfg = Debug|iPhone
		{7AA1DB5D-78DB-4693-AE50-D6078F5A0CAB}.Debug|iPhone.Build.0 = Debug|iPhone
		{7AA1DB5D-78DB-4693-AE50-D6078F5A0CAB}.Debug|x86.ActiveCfg = Debug|iPhoneSimulator
		{7AA1DB5D-78DB-4693-AE50-D6078F5A0CAB}.Debug|x86.Build.0 = Debug|iPhoneSimulator
		{7AA1DB5D-78DB-4693-AE50-D6078F5A0CAB}.Release|iPhone.ActiveCfg = Release|iPhone
		{7AA1DB5D-78DB-4693-AE50-D6078F5A0CAB}.Release|iPhone.Build.0 = Release|iPhone
		{7AA1DB5D-78DB-4693-AE50-D6078F5A0CAB}.Release|x86.ActiveCfg = Release|iPhoneSimulator
		{7AA1DB5D-78DB-4693-AE50-D6078F5A0CAB}.Release|x86.Build.0 = Release|iPhoneSimulator
		{7AA1DB5D-78DB-4693-AE50-D6078F5A0CAB}.Testflight|iPhone.ActiveCfg = Testflight|iPhone
		{7AA1DB5D-78DB-4693-AE50-D6078F5A0CAB}.Testflight|iPhone.Build.0 = Testflight|iPhone
	EndGlobalSection
	GlobalSection(MonoDevelopProperties) = preSolution
		StartupItem = osum\osum.csproj
		Policies = $0
		$0.DotNetNamingPolicy = $1
		$1.DirectoryNamespaceAssociation = PrefixedHierarchical
		$1.ResourceNamePolicy = FileName
		$0.TextStylePolicy = $2
		$2.FileWidth = 160
		$2.NoTabsAfterNonTabs = True
		$2.RemoveTrailingWhitespace = True
		$2.inheritsSet = VisualStudio
		$2.inheritsScope = text/plain
		$2.scope = text/x-csharp
		$0.CSharpFormattingPolicy = $3
		$3.IndentSwitchBody = True
		$3.AnonymousMethodBraceStyle = NextLine
		$3.PropertyGetBraceStyle = NextLine
		$3.PropertySetBraceStyle = NextLine
		$3.EventBraceStyle = NextLine
		$3.EventAddBraceStyle = NextLine
		$3.EventRemoveBraceStyle = NextLine
		$3.StatementBraceStyle = NextLine
		$3.BeforeMethodDeclarationParentheses = False
		$3.BeforeMethodCallParentheses = False
		$3.BeforeConstructorDeclarationParentheses = False
		$3.BeforeIndexerDeclarationBracket = False
		$3.BeforeDelegateDeclarationParentheses = False
		$3.SpacesBeforeBrackets = False
		$3.inheritsSet = Mono
		$3.inheritsScope = text/x-csharp
		$3.scope = text/x-csharp
		$0.TextStylePolicy = $4
		$4.FileWidth = 160
		$4.NoTabsAfterNonTabs = True
		$4.RemoveTrailingWhitespace = True
		$4.inheritsSet = VisualStudio
		$4.inheritsScope = text/plain
		$4.scope = text/plain
		$0.StandardHeader = $5
		$5.Text = 
		$5.IncludeInNewFiles = True
	EndGlobalSection
	GlobalSection(SolutionProperties) = preSolution
		HideSolutionNode = FALSE
	EndGlobalSection
EndGlobal
