
Microsoft Visual Studio Solution File, Format Version 11.00
# Visual Studio 2010
Project("{FAE04EC0-301F-11D3-BF4B-00C04F79EFBC}") = "osu!m-desktop", "osu!m-desktop.csproj", "{2698AF2E-F64B-4D61-99F3-52EF2D215F2F}"
EndProject
Project("{FAE04EC0-301F-11D3-BF4B-00C04F79EFBC}") = "BassNet", "..\BassNet\BassNet.csproj", "{2FF2EE6F-7BD7-4ED4-A077-A655C8811A81}"
EndProject
Global
	GlobalSection(SolutionConfigurationPlatforms) = preSolution
		Debug|Any CPU = Debug|Any CPU
		Debug|Mixed Platforms = Debug|Mixed Platforms
		Debug|x86 = Debug|x86
		Release|Any CPU = Release|Any CPU
		Release|Mixed Platforms = Release|Mixed Platforms
		Release|x86 = Release|x86
		ReleaseLocal|Any CPU = ReleaseLocal|Any CPU
		ReleaseLocal|Mixed Platforms = ReleaseLocal|Mixed Platforms
		ReleaseLocal|x86 = ReleaseLocal|x86
	EndGlobalSection
	GlobalSection(ProjectConfigurationPlatforms) = postSolution
		{2698AF2E-F64B-4D61-99F3-52EF2D215F2F}.Debug|Any CPU.ActiveCfg = Debug|x86
		{2698AF2E-F64B-4D61-99F3-52EF2D215F2F}.Debug|Mixed Platforms.ActiveCfg = Debug|x86
		{2698AF2E-F64B-4D61-99F3-52EF2D215F2F}.Debug|Mixed Platforms.Build.0 = Debug|x86
		{2698AF2E-F64B-4D61-99F3-52EF2D215F2F}.Debug|x86.ActiveCfg = Debug|x86
		{2698AF2E-F64B-4D61-99F3-52EF2D215F2F}.Debug|x86.Build.0 = Debug|x86
		{2698AF2E-F64B-4D61-99F3-52EF2D215F2F}.Release|Any CPU.ActiveCfg = Release|x86
		{2698AF2E-F64B-4D61-99F3-52EF2D215F2F}.Release|Mixed Platforms.ActiveCfg = Release|x86
		{2698AF2E-F64B-4D61-99F3-52EF2D215F2F}.Release|Mixed Platforms.Build.0 = Release|x86
		{2698AF2E-F64B-4D61-99F3-52EF2D215F2F}.Release|x86.ActiveCfg = Release|x86
		{2698AF2E-F64B-4D61-99F3-52EF2D215F2F}.Release|x86.Build.0 = Release|x86
		{2698AF2E-F64B-4D61-99F3-52EF2D215F2F}.ReleaseLocal|Any CPU.ActiveCfg = Release|x86
		{2698AF2E-F64B-4D61-99F3-52EF2D215F2F}.ReleaseLocal|Mixed Platforms.ActiveCfg = Release|x86
		{2698AF2E-F64B-4D61-99F3-52EF2D215F2F}.ReleaseLocal|Mixed Platforms.Build.0 = Release|x86
		{2698AF2E-F64B-4D61-99F3-52EF2D215F2F}.ReleaseLocal|x86.ActiveCfg = Release|x86
		{2698AF2E-F64B-4D61-99F3-52EF2D215F2F}.ReleaseLocal|x86.Build.0 = Release|x86
		{2FF2EE6F-7BD7-4ED4-A077-A655C8811A81}.Debug|Any CPU.ActiveCfg = Debug|Any CPU
		{2FF2EE6F-7BD7-4ED4-A077-A655C8811A81}.Debug|Any CPU.Build.0 = Debug|Any CPU
		{2FF2EE6F-7BD7-4ED4-A077-A655C8811A81}.Debug|Mixed Platforms.ActiveCfg = Debug|Any CPU
		{2FF2EE6F-7BD7-4ED4-A077-A655C8811A81}.Debug|Mixed Platforms.Build.0 = Debug|Any CPU
		{2FF2EE6F-7BD7-4ED4-A077-A655C8811A81}.Debug|x86.ActiveCfg = Debug|Any CPU
		{2FF2EE6F-7BD7-4ED4-A077-A655C8811A81}.Release|Any CPU.ActiveCfg = Release|Any CPU
		{2FF2EE6F-7BD7-4ED4-A077-A655C8811A81}.Release|Any CPU.Build.0 = Release|Any CPU
		{2FF2EE6F-7BD7-4ED4-A077-A655C8811A81}.Release|Mixed Platforms.ActiveCfg = Release|Any CPU
		{2FF2EE6F-7BD7-4ED4-A077-A655C8811A81}.Release|Mixed Platforms.Build.0 = Release|Any CPU
		{2FF2EE6F-7BD7-4ED4-A077-A655C8811A81}.Release|x86.ActiveCfg = Release|Any CPU
		{2FF2EE6F-7BD7-4ED4-A077-A655C8811A81}.ReleaseLocal|Any CPU.ActiveCfg = Release|Any CPU
		{2FF2EE6F-7BD7-4ED4-A077-A655C8811A81}.ReleaseLocal|Any CPU.Build.0 = Release|Any CPU
		{2FF2EE6F-7BD7-4ED4-A077-A655C8811A81}.ReleaseLocal|Mixed Platforms.ActiveCfg = Release|Any CPU
		{2FF2EE6F-7BD7-4ED4-A077-A655C8811A81}.ReleaseLocal|Mixed Platforms.Build.0 = Release|Any CPU
		{2FF2EE6F-7BD7-4ED4-A077-A655C8811A81}.ReleaseLocal|x86.ActiveCfg = Release|Any CPU
	EndGlobalSection
	GlobalSection(SolutionProperties) = preSolution
		HideSolutionNode = FALSE
	EndGlobalSection
	GlobalSection(MonoDevelopProperties) = preSolution
		StartupItem = ..\osum\osum.csproj
	EndGlobalSection
EndGlobal
