
Microsoft Visual Studio Solution File, Format Version 11.00
# Visual Studio 2010
Project("{FAE04EC0-301F-11D3-BF4B-00C04F79EFBC}") = "osum", "osum.csproj", "{0454583A-7D20-486B-A9AB-019A554BD3D9}"
EndProject
Project("{FAE04EC0-301F-11D3-BF4B-00C04F79EFBC}") = "OpenTK", "..\OpenTK\OpenTK.csproj", "{A9B8840B-72FD-4A6E-8B73-D24ADA1BE1BF}"
EndProject
Global
	GlobalSection(SolutionConfigurationPlatforms) = preSolution
		Debug|Any CPU = Debug|Any CPU
		Debug|Mixed Platforms = Debug|Mixed Platforms
		Debug|x86 = Debug|x86
		Release|Any CPU = Release|Any CPU
		Release|Mixed Platforms = Release|Mixed Platforms
		Release|x86 = Release|x86
	EndGlobalSection
	GlobalSection(ProjectConfigurationPlatforms) = postSolution
		{0454583A-7D20-486B-A9AB-019A554BD3D9}.Debug|Any CPU.ActiveCfg = Debug|x86
		{0454583A-7D20-486B-A9AB-019A554BD3D9}.Debug|Mixed Platforms.ActiveCfg = Debug|x86
		{0454583A-7D20-486B-A9AB-019A554BD3D9}.Debug|Mixed Platforms.Build.0 = Debug|x86
		{0454583A-7D20-486B-A9AB-019A554BD3D9}.Debug|x86.ActiveCfg = Debug|x86
		{0454583A-7D20-486B-A9AB-019A554BD3D9}.Debug|x86.Build.0 = Debug|x86
		{0454583A-7D20-486B-A9AB-019A554BD3D9}.Release|Any CPU.ActiveCfg = Release|x86
		{0454583A-7D20-486B-A9AB-019A554BD3D9}.Release|Mixed Platforms.ActiveCfg = Release|x86
		{0454583A-7D20-486B-A9AB-019A554BD3D9}.Release|Mixed Platforms.Build.0 = Release|x86
		{0454583A-7D20-486B-A9AB-019A554BD3D9}.Release|x86.ActiveCfg = Release|x86
		{0454583A-7D20-486B-A9AB-019A554BD3D9}.Release|x86.Build.0 = Release|x86
		{A9B8840B-72FD-4A6E-8B73-D24ADA1BE1BF}.Debug|Any CPU.ActiveCfg = Debug|x86
		{A9B8840B-72FD-4A6E-8B73-D24ADA1BE1BF}.Debug|Mixed Platforms.ActiveCfg = Debug|x86
		{A9B8840B-72FD-4A6E-8B73-D24ADA1BE1BF}.Debug|Mixed Platforms.Build.0 = Debug|x86
		{A9B8840B-72FD-4A6E-8B73-D24ADA1BE1BF}.Debug|x86.ActiveCfg = Debug|x86
		{A9B8840B-72FD-4A6E-8B73-D24ADA1BE1BF}.Debug|x86.Build.0 = Debug|x86
		{A9B8840B-72FD-4A6E-8B73-D24ADA1BE1BF}.Release|Any CPU.ActiveCfg = Release|x86
		{A9B8840B-72FD-4A6E-8B73-D24ADA1BE1BF}.Release|Mixed Platforms.ActiveCfg = Release|x86
		{A9B8840B-72FD-4A6E-8B73-D24ADA1BE1BF}.Release|Mixed Platforms.Build.0 = Release|x86
		{A9B8840B-72FD-4A6E-8B73-D24ADA1BE1BF}.Release|x86.ActiveCfg = Release|x86
		{A9B8840B-72FD-4A6E-8B73-D24ADA1BE1BF}.Release|x86.Build.0 = Release|x86
	EndGlobalSection
	GlobalSection(SolutionProperties) = preSolution
		HideSolutionNode = FALSE
	EndGlobalSection
EndGlobal
